PODS:
  - Flutter (1.0.0)
  - payu_mobile_payments_ios (0.0.1):
    - Flutter

DEPENDENCIES:
  - Flutter (from `Flutter`)
  - payu_mobile_payments_ios (from `.symlinks/plugins/payu_mobile_payments_ios/ios`)

EXTERNAL SOURCES:
  Flutter:
    :path: Flutter
  payu_mobile_payments_ios:
    :path: ".symlinks/plugins/payu_mobile_payments_ios/ios"

SPEC CHECKSUMS:
  Flutter: 50d75fe2f02b26cc09d224853bb45737f8b3214a
  payu_mobile_payments_ios: 346266119d695d016bff3ec413602064de303bb6

PODFILE CHECKSUM: 30517025a2fecca2d72dac25f08abb5b9a8f1a56

COCOAPODS: 1.11.3
