PODS:
  - Flutter (1.0.0)
  - payu_mobile_payments_ios (0.0.1):
    - Flutter

DEPENDENCIES:
  - Flutter (from `Flutter`)
  - payu_mobile_payments_ios (from `.symlinks/plugins/payu_mobile_payments_ios/ios`)

EXTERNAL SOURCES:
  Flutter:
    :path: Flutter
  payu_mobile_payments_ios:
    :path: ".symlinks/plugins/payu_mobile_payments_ios/ios"

SPEC CHECKSUMS:
  Flutter: cabc95a1d2626b1b06e7179b784ebcf0c0cde467
  payu_mobile_payments_ios: 346266119d695d016bff3ec413602064de303bb6

PODFILE CHECKSUM: cc1f88378b4bfcf93a6ce00d2c587857c6008d3b

COCOAPODS: 1.16.2
